
Microsoft Visual Studio Solution File, Format Version 12.00
# Visual Studio 15
VisualStudioVersion = 15.0.27703.2042
MinimumVisualStudioVersion = 10.0.40219.1
Project("{F184B08F-C81C-45F6-A57F-5ABD9991F28F}") = "Taas.BackEnd", "Taas\Taas.BackEnd.vbproj", "{3AD59B4F-CC5F-478B-85FF-0DB5EE754682}"
EndProject
Project("{F184B08F-C81C-45F6-A57F-5ABD9991F28F}") = "Taas.Test", "Taas.Test\Taas.Test.vbproj", "{05009C89-5B54-47CC-8EC3-3B3AE2CF4A59}"
EndProject
Project("{F184B08F-C81C-45F6-A57F-5ABD9991F28F}") = "Taas.HostProcess", "Taas.ProcessHost\Taas.HostProcess.vbproj", "{5333E521-E0FA-483A-8737-6D9280CF2200}"
EndProject
Global
	GlobalSection(SolutionConfigurationPlatforms) = preSolution
		Debug|Any CPU = Debug|Any CPU
		Release|Any CPU = Release|Any CPU
	EndGlobalSection
	GlobalSection(ProjectConfigurationPlatforms) = postSolution
		{3AD59B4F-CC5F-478B-85FF-0DB5EE754682}.Debug|Any CPU.ActiveCfg = Debug|Any CPU
		{3AD59B4F-CC5F-478B-85FF-0DB5EE754682}.Debug|Any CPU.Build.0 = Debug|Any CPU
		{3AD59B4F-CC5F-478B-85FF-0DB5EE754682}.Release|Any CPU.ActiveCfg = Release|Any CPU
		{3AD59B4F-CC5F-478B-85FF-0DB5EE754682}.Release|Any CPU.Build.0 = Release|Any CPU
		{05009C89-5B54-47CC-8EC3-3B3AE2CF4A59}.Debug|Any CPU.ActiveCfg = Debug|Any CPU
		{05009C89-5B54-47CC-8EC3-3B3AE2CF4A59}.Debug|Any CPU.Build.0 = Debug|Any CPU
		{05009C89-5B54-47CC-8EC3-3B3AE2CF4A59}.Release|Any CPU.ActiveCfg = Release|Any CPU
		{05009C89-5B54-47CC-8EC3-3B3AE2CF4A59}.Release|Any CPU.Build.0 = Release|Any CPU
		{5333E521-E0FA-483A-8737-6D9280CF2200}.Debug|Any CPU.ActiveCfg = Debug|Any CPU
		{5333E521-E0FA-483A-8737-6D9280CF2200}.Debug|Any CPU.Build.0 = Debug|Any CPU
		{5333E521-E0FA-483A-8737-6D9280CF2200}.Release|Any CPU.ActiveCfg = Release|Any CPU
		{5333E521-E0FA-483A-8737-6D9280CF2200}.Release|Any CPU.Build.0 = Release|Any CPU
	EndGlobalSection
	GlobalSection(SolutionProperties) = preSolution
		HideSolutionNode = FALSE
	EndGlobalSection
	GlobalSection(ExtensibilityGlobals) = postSolution
		SolutionGuid = {0EF077C6-6D95-4BEB-9E6E-8A93113FD27D}
	EndGlobalSection
EndGlobal
